
Microsoft Visual Studio Solution File, Format Version 12.00
# Visual Studio Version 17
VisualStudioVersion = 17.5.002.0
MinimumVisualStudioVersion = 10.0.40219.1
Project("{9A19103F-16F7-4668-BE54-9A1E7A4F7556}") = "Exp02-CSharpPattern", "Exp02-CSharpPattern.csproj", "{904C6431-40EF-4AB9-BF06-B063341F7A39}"
EndProject
Global
	GlobalSection(SolutionConfigurationPlatforms) = preSolution
		Debug|Any CPU = Debug|Any CPU
		Release|Any CPU = Release|Any CPU
	EndGlobalSection
	GlobalSection(ProjectConfigurationPlatforms) = postSolution
		{904C6431-40EF-4AB9-BF06-B063341F7A39}.Debug|Any CPU.ActiveCfg = Debug|Any CPU
		{904C6431-40EF-4AB9-BF06-B063341F7A39}.Debug|Any CPU.Build.0 = Debug|Any CPU
		{904C6431-40EF-4AB9-BF06-B063341F7A39}.Release|Any CPU.ActiveCfg = Release|Any CPU
		{904C6431-40EF-4AB9-BF06-B063341F7A39}.Release|Any CPU.Build.0 = Release|Any CPU
	EndGlobalSection
	GlobalSection(SolutionProperties) = preSolution
		HideSolutionNode = FALSE
	EndGlobalSection
	GlobalSection(ExtensibilityGlobals) = postSolution
		SolutionGuid = {228E1CF4-F907-46E4-95E0-11DA23CDA69F}
	EndGlobalSection
EndGlobal
